// !$*UTF8*$!
{
	archiveVersion = 1;
	classes = {
	};
	objectVersion = 56;
	objects = {

/* Begin PBXBuildFile section */
		732A7F562B850BFA009BF149 /* LoginRequest.swift in Sources */ = {isa = PBXBuildFile; fileRef = 732A7F552B850BFA009BF149 /* LoginRequest.swift */; };
		732A7F582B850D77009BF149 /* AuthResponse.swift in Sources */ = {isa = PBXBuildFile; fileRef = 732A7F572B850D77009BF149 /* AuthResponse.swift */; };
		732A7F5B2B851639009BF149 /* LoginView.swift in Sources */ = {isa = PBXBuildFile; fileRef = 732A7F5A2B851639009BF149 /* LoginView.swift */; };
		732A7F5E2B8519D4009BF149 /* HomeView.swift in Sources */ = {isa = PBXBuildFile; fileRef = 732A7F5D2B8519D4009BF149 /* HomeView.swift */; };
		732A7F612B851BE6009BF149 /* UserDefaults+Extensions.swift in Sources */ = {isa = PBXBuildFile; fileRef = 732A7F602B851BE6009BF149 /* UserDefaults+Extensions.swift */; };
		732A7F632B85498B009BF149 /* RiddleListView.swift in Sources */ = {isa = PBXBuildFile; fileRef = 732A7F622B85498B009BF149 /* RiddleListView.swift */; };
		732A7F652B854D6C009BF149 /* ProfileView.swift in Sources */ = {isa = PBXBuildFile; fileRef = 732A7F642B854D6C009BF149 /* ProfileView.swift */; };
		732A7F672B854E9E009BF149 /* UserDefaultsManager.swift in Sources */ = {isa = PBXBuildFile; fileRef = 732A7F662B854E9E009BF149 /* UserDefaultsManager.swift */; };
		732A7F692B8553AE009BF149 /* ScoreboardView.swift in Sources */ = {isa = PBXBuildFile; fileRef = 732A7F682B8553AE009BF149 /* ScoreboardView.swift */; };
		732A7F6C2B85579A009BF149 /* Riddle.swift in Sources */ = {isa = PBXBuildFile; fileRef = 732A7F6B2B85579A009BF149 /* Riddle.swift */; };
		732A7F6F2B8557C4009BF149 /* RiddleUpload.swift in Sources */ = {isa = PBXBuildFile; fileRef = 732A7F6E2B8557C4009BF149 /* RiddleUpload.swift */; };
		732A7F722B8557EC009BF149 /* Score.swift in Sources */ = {isa = PBXBuildFile; fileRef = 732A7F712B8557EC009BF149 /* Score.swift */; };
		732A7F752B85ECE7009BF149 /* RiddleDisplayView.swift in Sources */ = {isa = PBXBuildFile; fileRef = 732A7F742B85ECE7009BF149 /* RiddleDisplayView.swift */; };
		73CA5B852B8404B70049570A /* appApp.swift in Sources */ = {isa = PBXBuildFile; fileRef = 73CA5B842B8404B70049570A /* appApp.swift */; };
		73CA5B872B8404B70049570A /* ContentView.swift in Sources */ = {isa = PBXBuildFile; fileRef = 73CA5B862B8404B70049570A /* ContentView.swift */; };
		73CA5B892B8404B80049570A /* Assets.xcassets in Resources */ = {isa = PBXBuildFile; fileRef = 73CA5B882B8404B80049570A /* Assets.xcassets */; };
		73CA5B8D2B8404B80049570A /* Preview Assets.xcassets in Resources */ = {isa = PBXBuildFile; fileRef = 73CA5B8C2B8404B80049570A /* Preview Assets.xcassets */; };
		73CA5B972B8404B90049570A /* appTests.swift in Sources */ = {isa = PBXBuildFile; fileRef = 73CA5B962B8404B90049570A /* appTests.swift */; };
		73CA5BA12B8404B90049570A /* appUITests.swift in Sources */ = {isa = PBXBuildFile; fileRef = 73CA5BA02B8404B90049570A /* appUITests.swift */; };
		73CA5BA32B8404B90049570A /* appUITestsLaunchTests.swift in Sources */ = {isa = PBXBuildFile; fileRef = 73CA5BA22B8404B90049570A /* appUITestsLaunchTests.swift */; };
/* End PBXBuildFile section */

/* Begin PBXContainerItemProxy section */
		73CA5B932B8404B90049570A /* PBXContainerItemProxy */ = {
			isa = PBXContainerItemProxy;
			containerPortal = 73CA5B792B8404B70049570A /* Project object */;
			proxyType = 1;
			remoteGlobalIDString = 73CA5B802B8404B70049570A;
			remoteInfo = app;
		};
		73CA5B9D2B8404B90049570A /* PBXContainerItemProxy */ = {
			isa = PBXContainerItemProxy;
			containerPortal = 73CA5B792B8404B70049570A /* Project object */;
			proxyType = 1;
			remoteGlobalIDString = 73CA5B802B8404B70049570A;
			remoteInfo = app;
		};
/* End PBXContainerItemProxy section */

/* Begin PBXFileReference section */
		732A7F552B850BFA009BF149 /* LoginRequest.swift */ = {isa = PBXFileReference; lastKnownFileType = sourcecode.swift; path = LoginRequest.swift; sourceTree = "<group>"; };
		732A7F572B850D77009BF149 /* AuthResponse.swift */ = {isa = PBXFileReference; lastKnownFileType = sourcecode.swift; path = AuthResponse.swift; sourceTree = "<group>"; };
		732A7F5A2B851639009BF149 /* LoginView.swift */ = {isa = PBXFileReference; lastKnownFileType = sourcecode.swift; path = LoginView.swift; sourceTree = "<group>"; };
		732A7F5D2B8519D4009BF149 /* HomeView.swift */ = {isa = PBXFileReference; lastKnownFileType = sourcecode.swift; path = HomeView.swift; sourceTree = "<group>"; };
		732A7F602B851BE6009BF149 /* UserDefaults+Extensions.swift */ = {isa = PBXFileReference; lastKnownFileType = sourcecode.swift; path = "UserDefaults+Extensions.swift"; sourceTree = "<group>"; };
		732A7F622B85498B009BF149 /* RiddleListView.swift */ = {isa = PBXFileReference; lastKnownFileType = sourcecode.swift; path = RiddleListView.swift; sourceTree = "<group>"; };
		732A7F642B854D6C009BF149 /* ProfileView.swift */ = {isa = PBXFileReference; lastKnownFileType = sourcecode.swift; path = ProfileView.swift; sourceTree = "<group>"; };
		732A7F662B854E9E009BF149 /* UserDefaultsManager.swift */ = {isa = PBXFileReference; lastKnownFileType = sourcecode.swift; path = UserDefaultsManager.swift; sourceTree = "<group>"; };
		732A7F682B8553AE009BF149 /* ScoreboardView.swift */ = {isa = PBXFileReference; lastKnownFileType = sourcecode.swift; path = ScoreboardView.swift; sourceTree = "<group>"; };
		732A7F6B2B85579A009BF149 /* Riddle.swift */ = {isa = PBXFileReference; lastKnownFileType = sourcecode.swift; path = Riddle.swift; sourceTree = "<group>"; };
		732A7F6E2B8557C4009BF149 /* RiddleUpload.swift */ = {isa = PBXFileReference; lastKnownFileType = sourcecode.swift; path = RiddleUpload.swift; sourceTree = "<group>"; };
		732A7F712B8557EC009BF149 /* Score.swift */ = {isa = PBXFileReference; lastKnownFileType = sourcecode.swift; path = Score.swift; sourceTree = "<group>"; };
		732A7F742B85ECE7009BF149 /* RiddleDisplayView.swift */ = {isa = PBXFileReference; lastKnownFileType = sourcecode.swift; path = RiddleDisplayView.swift; sourceTree = "<group>"; };
		73CA5B812B8404B70049570A /* app.app */ = {isa = PBXFileReference; explicitFileType = wrapper.application; includeInIndex = 0; path = app.app; sourceTree = BUILT_PRODUCTS_DIR; };
		73CA5B842B8404B70049570A /* appApp.swift */ = {isa = PBXFileReference; lastKnownFileType = sourcecode.swift; path = appApp.swift; sourceTree = "<group>"; };
		73CA5B862B8404B70049570A /* ContentView.swift */ = {isa = PBXFileReference; lastKnownFileType = sourcecode.swift; path = ContentView.swift; sourceTree = "<group>"; };
		73CA5B882B8404B80049570A /* Assets.xcassets */ = {isa = PBXFileReference; lastKnownFileType = folder.assetcatalog; path = Assets.xcassets; sourceTree = "<group>"; };
		73CA5B8A2B8404B80049570A /* app.entitlements */ = {isa = PBXFileReference; lastKnownFileType = text.plist.entitlements; path = app.entitlements; sourceTree = "<group>"; };
		73CA5B8C2B8404B80049570A /* Preview Assets.xcassets */ = {isa = PBXFileReference; lastKnownFileType = folder.assetcatalog; path = "Preview Assets.xcassets"; sourceTree = "<group>"; };
		73CA5B922B8404B90049570A /* appTests.xctest */ = {isa = PBXFileReference; explicitFileType = wrapper.cfbundle; includeInIndex = 0; path = appTests.xctest; sourceTree = BUILT_PRODUCTS_DIR; };
		73CA5B962B8404B90049570A /* appTests.swift */ = {isa = PBXFileReference; lastKnownFileType = sourcecode.swift; path = appTests.swift; sourceTree = "<group>"; };
		73CA5B9C2B8404B90049570A /* appUITests.xctest */ = {isa = PBXFileReference; explicitFileType = wrapper.cfbundle; includeInIndex = 0; path = appUITests.xctest; sourceTree = BUILT_PRODUCTS_DIR; };
		73CA5BA02B8404B90049570A /* appUITests.swift */ = {isa = PBXFileReference; lastKnownFileType = sourcecode.swift; path = appUITests.swift; sourceTree = "<group>"; };
		73CA5BA22B8404B90049570A /* appUITestsLaunchTests.swift */ = {isa = PBXFileReference; lastKnownFileType = sourcecode.swift; path = appUITestsLaunchTests.swift; sourceTree = "<group>"; };
/* End PBXFileReference section */

/* Begin PBXFrameworksBuildPhase section */
		73CA5B7E2B8404B70049570A /* Frameworks */ = {
			isa = PBXFrameworksBuildPhase;
			buildActionMask = 2147483647;
			files = (
			);
			runOnlyForDeploymentPostprocessing = 0;
		};
		73CA5B8F2B8404B90049570A /* Frameworks */ = {
			isa = PBXFrameworksBuildPhase;
			buildActionMask = 2147483647;
			files = (
			);
			runOnlyForDeploymentPostprocessing = 0;
		};
		73CA5B992B8404B90049570A /* Frameworks */ = {
			isa = PBXFrameworksBuildPhase;
			buildActionMask = 2147483647;
			files = (
			);
			runOnlyForDeploymentPostprocessing = 0;
		};
/* End PBXFrameworksBuildPhase section */

/* Begin PBXGroup section */
		732A7F532B850BCD009BF149 /* Dto */ = {
			isa = PBXGroup;
			children = (
				732A7F702B8557DD009BF149 /* Score */,
				732A7F6A2B85577F009BF149 /* Riddle */,
				732A7F552B850BFA009BF149 /* LoginRequest.swift */,
				732A7F572B850D77009BF149 /* AuthResponse.swift */,
			);
			path = Dto;
			sourceTree = "<group>";
		};
		732A7F592B851620009BF149 /* Auth */ = {
			isa = PBXGroup;
			children = (
				732A7F5A2B851639009BF149 /* LoginView.swift */,
			);
			path = Auth;
			sourceTree = "<group>";
		};
		732A7F5C2B8519BF009BF149 /* Views */ = {
			isa = PBXGroup;
			children = (
				732A7F732B85ECD7009BF149 /* Riddle */,
				732A7F592B851620009BF149 /* Auth */,
				732A7F5D2B8519D4009BF149 /* HomeView.swift */,
				732A7F622B85498B009BF149 /* RiddleListView.swift */,
				732A7F642B854D6C009BF149 /* ProfileView.swift */,
				732A7F682B8553AE009BF149 /* ScoreboardView.swift */,
			);
			path = Views;
			sourceTree = "<group>";
		};
		732A7F5F2B851BC2009BF149 /* Extensions */ = {
			isa = PBXGroup;
			children = (
				732A7F602B851BE6009BF149 /* UserDefaults+Extensions.swift */,
			);
			path = Extensions;
			sourceTree = "<group>";
		};
		732A7F6A2B85577F009BF149 /* Riddle */ = {
			isa = PBXGroup;
			children = (
				732A7F6B2B85579A009BF149 /* Riddle.swift */,
				732A7F6E2B8557C4009BF149 /* RiddleUpload.swift */,
			);
			path = Riddle;
			sourceTree = "<group>";
		};
		732A7F702B8557DD009BF149 /* Score */ = {
			isa = PBXGroup;
			children = (
				732A7F712B8557EC009BF149 /* Score.swift */,
			);
			path = Score;
			sourceTree = "<group>";
		};
		732A7F732B85ECD7009BF149 /* Riddle */ = {
			isa = PBXGroup;
			children = (
				732A7F742B85ECE7009BF149 /* RiddleDisplayView.swift */,
			);
			path = Riddle;
			sourceTree = "<group>";
		};
		73CA5B782B8404B70049570A = {
			isa = PBXGroup;
			children = (
				73CA5B832B8404B70049570A /* app */,
				73CA5B952B8404B90049570A /* appTests */,
				73CA5B9F2B8404B90049570A /* appUITests */,
				73CA5B822B8404B70049570A /* Products */,
			);
			sourceTree = "<group>";
		};
		73CA5B822B8404B70049570A /* Products */ = {
			isa = PBXGroup;
			children = (
				73CA5B812B8404B70049570A /* app.app */,
				73CA5B922B8404B90049570A /* appTests.xctest */,
				73CA5B9C2B8404B90049570A /* appUITests.xctest */,
			);
			name = Products;
			sourceTree = "<group>";
		};
		73CA5B832B8404B70049570A /* app */ = {
			isa = PBXGroup;
			children = (
				732A7F5F2B851BC2009BF149 /* Extensions */,
				732A7F5C2B8519BF009BF149 /* Views */,
				732A7F532B850BCD009BF149 /* Dto */,
				73CA5B842B8404B70049570A /* appApp.swift */,
				73CA5B862B8404B70049570A /* ContentView.swift */,
				73CA5B882B8404B80049570A /* Assets.xcassets */,
				73CA5B8A2B8404B80049570A /* app.entitlements */,
				73CA5B8B2B8404B80049570A /* Preview Content */,
				732A7F662B854E9E009BF149 /* UserDefaultsManager.swift */,
			);
			path = app;
			sourceTree = "<group>";
		};
		73CA5B8B2B8404B80049570A /* Preview Content */ = {
			isa = PBXGroup;
			children = (
				73CA5B8C2B8404B80049570A /* Preview Assets.xcassets */,
			);
			path = "Preview Content";
			sourceTree = "<group>";
		};
		73CA5B952B8404B90049570A /* appTests */ = {
			isa = PBXGroup;
			children = (
				73CA5B962B8404B90049570A /* appTests.swift */,
			);
			path = appTests;
			sourceTree = "<group>";
		};
		73CA5B9F2B8404B90049570A /* appUITests */ = {
			isa = PBXGroup;
			children = (
				73CA5BA02B8404B90049570A /* appUITests.swift */,
				73CA5BA22B8404B90049570A /* appUITestsLaunchTests.swift */,
			);
			path = appUITests;
			sourceTree = "<group>";
		};
/* End PBXGroup section */

/* Begin PBXNativeTarget section */
		73CA5B802B8404B70049570A /* app */ = {
			isa = PBXNativeTarget;
			buildConfigurationList = 73CA5BA62B8404B90049570A /* Build configuration list for PBXNativeTarget "app" */;
			buildPhases = (
				73CA5B7D2B8404B70049570A /* Sources */,
				73CA5B7E2B8404B70049570A /* Frameworks */,
				73CA5B7F2B8404B70049570A /* Resources */,
			);
			buildRules = (
			);
			dependencies = (
			);
			name = app;
			productName = app;
			productReference = 73CA5B812B8404B70049570A /* app.app */;
			productType = "com.apple.product-type.application";
		};
		73CA5B912B8404B90049570A /* appTests */ = {
			isa = PBXNativeTarget;
			buildConfigurationList = 73CA5BA92B8404B90049570A /* Build configuration list for PBXNativeTarget "appTests" */;
			buildPhases = (
				73CA5B8E2B8404B90049570A /* Sources */,
				73CA5B8F2B8404B90049570A /* Frameworks */,
				73CA5B902B8404B90049570A /* Resources */,
			);
			buildRules = (
			);
			dependencies = (
				73CA5B942B8404B90049570A /* PBXTargetDependency */,
			);
			name = appTests;
			productName = appTests;
			productReference = 73CA5B922B8404B90049570A /* appTests.xctest */;
			productType = "com.apple.product-type.bundle.unit-test";
		};
		73CA5B9B2B8404B90049570A /* appUITests */ = {
			isa = PBXNativeTarget;
			buildConfigurationList = 73CA5BAC2B8404B90049570A /* Build configuration list for PBXNativeTarget "appUITests" */;
			buildPhases = (
				73CA5B982B8404B90049570A /* Sources */,
				73CA5B992B8404B90049570A /* Frameworks */,
				73CA5B9A2B8404B90049570A /* Resources */,
			);
			buildRules = (
			);
			dependencies = (
				73CA5B9E2B8404B90049570A /* PBXTargetDependency */,
			);
			name = appUITests;
			productName = appUITests;
			productReference = 73CA5B9C2B8404B90049570A /* appUITests.xctest */;
			productType = "com.apple.product-type.bundle.ui-testing";
		};
/* End PBXNativeTarget section */

/* Begin PBXProject section */
		73CA5B792B8404B70049570A /* Project object */ = {
			isa = PBXProject;
			attributes = {
				BuildIndependentTargetsInParallel = 1;
				LastSwiftUpdateCheck = 1520;
				LastUpgradeCheck = 1520;
				TargetAttributes = {
					73CA5B802B8404B70049570A = {
						CreatedOnToolsVersion = 15.2;
					};
					73CA5B912B8404B90049570A = {
						CreatedOnToolsVersion = 15.2;
						TestTargetID = 73CA5B802B8404B70049570A;
					};
					73CA5B9B2B8404B90049570A = {
						CreatedOnToolsVersion = 15.2;
						TestTargetID = 73CA5B802B8404B70049570A;
					};
				};
			};
			buildConfigurationList = 73CA5B7C2B8404B70049570A /* Build configuration list for PBXProject "app" */;
			compatibilityVersion = "Xcode 14.0";
			developmentRegion = en;
			hasScannedForEncodings = 0;
			knownRegions = (
				en,
				Base,
			);
			mainGroup = 73CA5B782B8404B70049570A;
			productRefGroup = 73CA5B822B8404B70049570A /* Products */;
			projectDirPath = "";
			projectRoot = "";
			targets = (
				73CA5B802B8404B70049570A /* app */,
				73CA5B912B8404B90049570A /* appTests */,
				73CA5B9B2B8404B90049570A /* appUITests */,
			);
		};
/* End PBXProject section */

/* Begin PBXResourcesBuildPhase section */
		73CA5B7F2B8404B70049570A /* Resources */ = {
			isa = PBXResourcesBuildPhase;
			buildActionMask = 2147483647;
			files = (
				73CA5B8D2B8404B80049570A /* Preview Assets.xcassets in Resources */,
				73CA5B892B8404B80049570A /* Assets.xcassets in Resources */,
			);
			runOnlyForDeploymentPostprocessing = 0;
		};
		73CA5B902B8404B90049570A /* Resources */ = {
			isa = PBXResourcesBuildPhase;
			buildActionMask = 2147483647;
			files = (
			);
			runOnlyForDeploymentPostprocessing = 0;
		};
		73CA5B9A2B8404B90049570A /* Resources */ = {
			isa = PBXResourcesBuildPhase;
			buildActionMask = 2147483647;
			files = (
			);
			runOnlyForDeploymentPostprocessing = 0;
		};
/* End PBXResourcesBuildPhase section */

/* Begin PBXSourcesBuildPhase section */
		73CA5B7D2B8404B70049570A /* Sources */ = {
			isa = PBXSourcesBuildPhase;
			buildActionMask = 2147483647;
			files = (
				732A7F722B8557EC009BF149 /* Score.swift in Sources */,
				732A7F562B850BFA009BF149 /* LoginRequest.swift in Sources */,
				732A7F652B854D6C009BF149 /* ProfileView.swift in Sources */,
				73CA5B872B8404B70049570A /* ContentView.swift in Sources */,
				732A7F752B85ECE7009BF149 /* RiddleDisplayView.swift in Sources */,
				732A7F632B85498B009BF149 /* RiddleListView.swift in Sources */,
				732A7F6F2B8557C4009BF149 /* RiddleUpload.swift in Sources */,
				732A7F582B850D77009BF149 /* AuthResponse.swift in Sources */,
				732A7F6C2B85579A009BF149 /* Riddle.swift in Sources */,
				732A7F5B2B851639009BF149 /* LoginView.swift in Sources */,
				732A7F672B854E9E009BF149 /* UserDefaultsManager.swift in Sources */,
				732A7F612B851BE6009BF149 /* UserDefaults+Extensions.swift in Sources */,
				732A7F5E2B8519D4009BF149 /* HomeView.swift in Sources */,
				732A7F692B8553AE009BF149 /* ScoreboardView.swift in Sources */,
				73CA5B852B8404B70049570A /* appApp.swift in Sources */,
			);
			runOnlyForDeploymentPostprocessing = 0;
		};
		73CA5B8E2B8404B90049570A /* Sources */ = {
			isa = PBXSourcesBuildPhase;
			buildActionMask = 2147483647;
			files = (
				73CA5B972B8404B90049570A /* appTests.swift in Sources */,
			);
			runOnlyForDeploymentPostprocessing = 0;
		};
		73CA5B982B8404B90049570A /* Sources */ = {
			isa = PBXSourcesBuildPhase;
			buildActionMask = 2147483647;
			files = (
				73CA5BA32B8404B90049570A /* appUITestsLaunchTests.swift in Sources */,
				73CA5BA12B8404B90049570A /* appUITests.swift in Sources */,
			);
			runOnlyForDeploymentPostprocessing = 0;
		};
/* End PBXSourcesBuildPhase section */

/* Begin PBXTargetDependency section */
		73CA5B942B8404B90049570A /* PBXTargetDependency */ = {
			isa = PBXTargetDependency;
			target = 73CA5B802B8404B70049570A /* app */;
			targetProxy = 73CA5B932B8404B90049570A /* PBXContainerItemProxy */;
		};
		73CA5B9E2B8404B90049570A /* PBXTargetDependency */ = {
			isa = PBXTargetDependency;
			target = 73CA5B802B8404B70049570A /* app */;
			targetProxy = 73CA5B9D2B8404B90049570A /* PBXContainerItemProxy */;
		};
/* End PBXTargetDependency section */

/* Begin XCBuildConfiguration section */
		73CA5BA42B8404B90049570A /* Debug */ = {
			isa = XCBuildConfiguration;
			buildSettings = {
				ALWAYS_SEARCH_USER_PATHS = NO;
				ASSETCATALOG_COMPILER_GENERATE_SWIFT_ASSET_SYMBOL_EXTENSIONS = YES;
				CLANG_ANALYZER_NONNULL = YES;
				CLANG_ANALYZER_NUMBER_OBJECT_CONVERSION = YES_AGGRESSIVE;
				CLANG_CXX_LANGUAGE_STANDARD = "gnu++20";
				CLANG_ENABLE_MODULES = YES;
				CLANG_ENABLE_OBJC_ARC = YES;
				CLANG_ENABLE_OBJC_WEAK = YES;
				CLANG_WARN_BLOCK_CAPTURE_AUTORELEASING = YES;
				CLANG_WARN_BOOL_CONVERSION = YES;
				CLANG_WARN_COMMA = YES;
				CLANG_WARN_CONSTANT_CONVERSION = YES;
				CLANG_WARN_DEPRECATED_OBJC_IMPLEMENTATIONS = YES;
				CLANG_WARN_DIRECT_OBJC_ISA_USAGE = YES_ERROR;
				CLANG_WARN_DOCUMENTATION_COMMENTS = YES;
				CLANG_WARN_EMPTY_BODY = YES;
				CLANG_WARN_ENUM_CONVERSION = YES;
				CLANG_WARN_INFINITE_RECURSION = YES;
				CLANG_WARN_INT_CONVERSION = YES;
				CLANG_WARN_NON_LITERAL_NULL_CONVERSION = YES;
				CLANG_WARN_OBJC_IMPLICIT_RETAIN_SELF = YES;
				CLANG_WARN_OBJC_LITERAL_CONVERSION = YES;
				CLANG_WARN_OBJC_ROOT_CLASS = YES_ERROR;
				CLANG_WARN_QUOTED_INCLUDE_IN_FRAMEWORK_HEADER = YES;
				CLANG_WARN_RANGE_LOOP_ANALYSIS = YES;
				CLANG_WARN_STRICT_PROTOTYPES = YES;
				CLANG_WARN_SUSPICIOUS_MOVE = YES;
				CLANG_WARN_UNGUARDED_AVAILABILITY = YES_AGGRESSIVE;
				CLANG_WARN_UNREACHABLE_CODE = YES;
				CLANG_WARN__DUPLICATE_METHOD_MATCH = YES;
				COPY_PHASE_STRIP = NO;
				DEAD_CODE_STRIPPING = YES;
				DEBUG_INFORMATION_FORMAT = dwarf;
				ENABLE_STRICT_OBJC_MSGSEND = YES;
				ENABLE_TESTABILITY = YES;
				ENABLE_USER_SCRIPT_SANDBOXING = YES;
				GCC_C_LANGUAGE_STANDARD = gnu17;
				GCC_DYNAMIC_NO_PIC = NO;
				GCC_NO_COMMON_BLOCKS = YES;
				GCC_OPTIMIZATION_LEVEL = 0;
				GCC_PREPROCESSOR_DEFINITIONS = (
					"DEBUG=1",
					"$(inherited)",
				);
				GCC_WARN_64_TO_32_BIT_CONVERSION = YES;
				GCC_WARN_ABOUT_RETURN_TYPE = YES_ERROR;
				GCC_WARN_UNDECLARED_SELECTOR = YES;
				GCC_WARN_UNINITIALIZED_AUTOS = YES_AGGRESSIVE;
				GCC_WARN_UNUSED_FUNCTION = YES;
				GCC_WARN_UNUSED_VARIABLE = YES;
				LOCALIZATION_PREFERS_STRING_CATALOGS = YES;
				MTL_ENABLE_DEBUG_INFO = INCLUDE_SOURCE;
				MTL_FAST_MATH = YES;
				ONLY_ACTIVE_ARCH = YES;
				SWIFT_ACTIVE_COMPILATION_CONDITIONS = "DEBUG $(inherited)";
				SWIFT_OPTIMIZATION_LEVEL = "-Onone";
			};
			name = Debug;
		};
		73CA5BA52B8404B90049570A /* Release */ = {
			isa = XCBuildConfiguration;
			buildSettings = {
				ALWAYS_SEARCH_USER_PATHS = NO;
				ASSETCATALOG_COMPILER_GENERATE_SWIFT_ASSET_SYMBOL_EXTENSIONS = YES;
				CLANG_ANALYZER_NONNULL = YES;
				CLANG_ANALYZER_NUMBER_OBJECT_CONVERSION = YES_AGGRESSIVE;
				CLANG_CXX_LANGUAGE_STANDARD = "gnu++20";
				CLANG_ENABLE_MODULES = YES;
				CLANG_ENABLE_OBJC_ARC = YES;
				CLANG_ENABLE_OBJC_WEAK = YES;
				CLANG_WARN_BLOCK_CAPTURE_AUTORELEASING = YES;
				CLANG_WARN_BOOL_CONVERSION = YES;
				CLANG_WARN_COMMA = YES;
				CLANG_WARN_CONSTANT_CONVERSION = YES;
				CLANG_WARN_DEPRECATED_OBJC_IMPLEMENTATIONS = YES;
				CLANG_WARN_DIRECT_OBJC_ISA_USAGE = YES_ERROR;
				CLANG_WARN_DOCUMENTATION_COMMENTS = YES;
				CLANG_WARN_EMPTY_BODY = YES;
				CLANG_WARN_ENUM_CONVERSION = YES;
				CLANG_WARN_INFINITE_RECURSION = YES;
				CLANG_WARN_INT_CONVERSION = YES;
				CLANG_WARN_NON_LITERAL_NULL_CONVERSION = YES;
				CLANG_WARN_OBJC_IMPLICIT_RETAIN_SELF = YES;
				CLANG_WARN_OBJC_LITERAL_CONVERSION = YES;
				CLANG_WARN_OBJC_ROOT_CLASS = YES_ERROR;
				CLANG_WARN_QUOTED_INCLUDE_IN_FRAMEWORK_HEADER = YES;
				CLANG_WARN_RANGE_LOOP_ANALYSIS = YES;
				CLANG_WARN_STRICT_PROTOTYPES = YES;
				CLANG_WARN_SUSPICIOUS_MOVE = YES;
				CLANG_WARN_UNGUARDED_AVAILABILITY = YES_AGGRESSIVE;
				CLANG_WARN_UNREACHABLE_CODE = YES;
				CLANG_WARN__DUPLICATE_METHOD_MATCH = YES;
				COPY_PHASE_STRIP = NO;
				DEAD_CODE_STRIPPING = YES;
				DEBUG_INFORMATION_FORMAT = "dwarf-with-dsym";
				ENABLE_NS_ASSERTIONS = NO;
				ENABLE_STRICT_OBJC_MSGSEND = YES;
				ENABLE_USER_SCRIPT_SANDBOXING = YES;
				GCC_C_LANGUAGE_STANDARD = gnu17;
				GCC_NO_COMMON_BLOCKS = YES;
				GCC_WARN_64_TO_32_BIT_CONVERSION = YES;
				GCC_WARN_ABOUT_RETURN_TYPE = YES_ERROR;
				GCC_WARN_UNDECLARED_SELECTOR = YES;
				GCC_WARN_UNINITIALIZED_AUTOS = YES_AGGRESSIVE;
				GCC_WARN_UNUSED_FUNCTION = YES;
				GCC_WARN_UNUSED_VARIABLE = YES;
				LOCALIZATION_PREFERS_STRING_CATALOGS = YES;
				MTL_ENABLE_DEBUG_INFO = NO;
				MTL_FAST_MATH = YES;
				SWIFT_COMPILATION_MODE = wholemodule;
			};
			name = Release;
		};
		73CA5BA72B8404B90049570A /* Debug */ = {
			isa = XCBuildConfiguration;
			buildSettings = {
				ASSETCATALOG_COMPILER_APPICON_NAME = AppIcon;
				ASSETCATALOG_COMPILER_GLOBAL_ACCENT_COLOR_NAME = AccentColor;
				CODE_SIGN_ENTITLEMENTS = app/app.entitlements;
				CODE_SIGN_STYLE = Automatic;
				CURRENT_PROJECT_VERSION = 1;
				DEAD_CODE_STRIPPING = YES;
				DEVELOPMENT_ASSET_PATHS = "\"app/Preview Content\"";
				DEVELOPMENT_TEAM = 29U9229947;
				ENABLE_HARDENED_RUNTIME = YES;
				ENABLE_PREVIEWS = YES;
				GENERATE_INFOPLIST_FILE = YES;
				"INFOPLIST_KEY_UIApplicationSceneManifest_Generation[sdk=iphoneos*]" = YES;
				"INFOPLIST_KEY_UIApplicationSceneManifest_Generation[sdk=iphonesimulator*]" = YES;
				"INFOPLIST_KEY_UIApplicationSupportsIndirectInputEvents[sdk=iphoneos*]" = YES;
				"INFOPLIST_KEY_UIApplicationSupportsIndirectInputEvents[sdk=iphonesimulator*]" = YES;
				"INFOPLIST_KEY_UILaunchScreen_Generation[sdk=iphoneos*]" = YES;
				"INFOPLIST_KEY_UILaunchScreen_Generation[sdk=iphonesimulator*]" = YES;
				"INFOPLIST_KEY_UIStatusBarStyle[sdk=iphoneos*]" = UIStatusBarStyleDefault;
				"INFOPLIST_KEY_UIStatusBarStyle[sdk=iphonesimulator*]" = UIStatusBarStyleDefault;
				INFOPLIST_KEY_UISupportedInterfaceOrientations_iPad = "UIInterfaceOrientationPortrait UIInterfaceOrientationPortraitUpsideDown UIInterfaceOrientationLandscapeLeft UIInterfaceOrientationLandscapeRight";
				INFOPLIST_KEY_UISupportedInterfaceOrientations_iPhone = "UIInterfaceOrientationPortrait UIInterfaceOrientationLandscapeLeft UIInterfaceOrientationLandscapeRight";
				IPHONEOS_DEPLOYMENT_TARGET = 17.2;
				LD_RUNPATH_SEARCH_PATHS = "@executable_path/Frameworks";
				"LD_RUNPATH_SEARCH_PATHS[sdk=macosx*]" = "@executable_path/../Frameworks";
				MACOSX_DEPLOYMENT_TARGET = 14.2;
				MARKETING_VERSION = 1.0;
				PRODUCT_BUNDLE_IDENTIFIER = com.htf.app;
				PRODUCT_NAME = "$(TARGET_NAME)";
				SDKROOT = auto;
				SUPPORTED_PLATFORMS = "iphoneos iphonesimulator macosx";
				SWIFT_EMIT_LOC_STRINGS = YES;
				SWIFT_VERSION = 5.0;
				TARGETED_DEVICE_FAMILY = "1,2";
			};
			name = Debug;
		};
		73CA5BA82B8404B90049570A /* Release */ = {
			isa = XCBuildConfiguration;
			buildSettings = {
				ASSETCATALOG_COMPILER_APPICON_NAME = AppIcon;
				ASSETCATALOG_COMPILER_GLOBAL_ACCENT_COLOR_NAME = AccentColor;
				CODE_SIGN_ENTITLEMENTS = app/app.entitlements;
				CODE_SIGN_STYLE = Automatic;
				CURRENT_PROJECT_VERSION = 1;
				DEAD_CODE_STRIPPING = YES;
				DEVELOPMENT_ASSET_PATHS = "\"app/Preview Content\"";
				DEVELOPMENT_TEAM = 29U9229947;
				ENABLE_HARDENED_RUNTIME = YES;
				ENABLE_PREVIEWS = YES;
				GENERATE_INFOPLIST_FILE = YES;
				"INFOPLIST_KEY_UIApplicationSceneManifest_Generation[sdk=iphoneos*]" = YES;
				"INFOPLIST_KEY_UIApplicationSceneManifest_Generation[sdk=iphonesimulator*]" = YES;
				"INFOPLIST_KEY_UIApplicationSupportsIndirectInputEvents[sdk=iphoneos*]" = YES;
				"INFOPLIST_KEY_UIApplicationSupportsIndirectInputEvents[sdk=iphonesimulator*]" = YES;
				"INFOPLIST_KEY_UILaunchScreen_Generation[sdk=iphoneos*]" = YES;
				"INFOPLIST_KEY_UILaunchScreen_Generation[sdk=iphonesimulator*]" = YES;
				"INFOPLIST_KEY_UIStatusBarStyle[sdk=iphoneos*]" = UIStatusBarStyleDefault;
				"INFOPLIST_KEY_UIStatusBarStyle[sdk=iphonesimulator*]" = UIStatusBarStyleDefault;
				INFOPLIST_KEY_UISupportedInterfaceOrientations_iPad = "UIInterfaceOrientationPortrait UIInterfaceOrientationPortraitUpsideDown UIInterfaceOrientationLandscapeLeft UIInterfaceOrientationLandscapeRight";
				INFOPLIST_KEY_UISupportedInterfaceOrientations_iPhone = "UIInterfaceOrientationPortrait UIInterfaceOrientationLandscapeLeft UIInterfaceOrientationLandscapeRight";
				IPHONEOS_DEPLOYMENT_TARGET = 17.2;
				LD_RUNPATH_SEARCH_PATHS = "@executable_path/Frameworks";
				"LD_RUNPATH_SEARCH_PATHS[sdk=macosx*]" = "@executable_path/../Frameworks";
				MACOSX_DEPLOYMENT_TARGET = 14.2;
				MARKETING_VERSION = 1.0;
				PRODUCT_BUNDLE_IDENTIFIER = com.htf.app;
				PRODUCT_NAME = "$(TARGET_NAME)";
				SDKROOT = auto;
				SUPPORTED_PLATFORMS = "iphoneos iphonesimulator macosx";
				SWIFT_EMIT_LOC_STRINGS = YES;
				SWIFT_VERSION = 5.0;
				TARGETED_DEVICE_FAMILY = "1,2";
			};
			name = Release;
		};
		73CA5BAA2B8404B90049570A /* Debug */ = {
			isa = XCBuildConfiguration;
			buildSettings = {
				ALWAYS_EMBED_SWIFT_STANDARD_LIBRARIES = YES;
				BUNDLE_LOADER = "$(TEST_HOST)";
				CODE_SIGN_STYLE = Automatic;
				CURRENT_PROJECT_VERSION = 1;
				DEAD_CODE_STRIPPING = YES;
				DEVELOPMENT_TEAM = 29U9229947;
				GENERATE_INFOPLIST_FILE = YES;
				IPHONEOS_DEPLOYMENT_TARGET = 17.2;
				MACOSX_DEPLOYMENT_TARGET = 14.2;
				MARKETING_VERSION = 1.0;
				PRODUCT_BUNDLE_IDENTIFIER = com.htf.appTests;
				PRODUCT_NAME = "$(TARGET_NAME)";
				SDKROOT = auto;
				SUPPORTED_PLATFORMS = "iphoneos iphonesimulator macosx";
				SWIFT_EMIT_LOC_STRINGS = NO;
				SWIFT_VERSION = 5.0;
				TARGETED_DEVICE_FAMILY = "1,2";
				TEST_HOST = "$(BUILT_PRODUCTS_DIR)/app.app/$(BUNDLE_EXECUTABLE_FOLDER_PATH)/app";
			};
			name = Debug;
		};
		73CA5BAB2B8404B90049570A /* Release */ = {
			isa = XCBuildConfiguration;
			buildSettings = {
				ALWAYS_EMBED_SWIFT_STANDARD_LIBRARIES = YES;
				BUNDLE_LOADER = "$(TEST_HOST)";
				CODE_SIGN_STYLE = Automatic;
				CURRENT_PROJECT_VERSION = 1;
				DEAD_CODE_STRIPPING = YES;
				DEVELOPMENT_TEAM = 29U9229947;
				GENERATE_INFOPLIST_FILE = YES;
				IPHONEOS_DEPLOYMENT_TARGET = 17.2;
				MACOSX_DEPLOYMENT_TARGET = 14.2;
				MARKETING_VERSION = 1.0;
				PRODUCT_BUNDLE_IDENTIFIER = com.htf.appTests;
				PRODUCT_NAME = "$(TARGET_NAME)";
				SDKROOT = auto;
				SUPPORTED_PLATFORMS = "iphoneos iphonesimulator macosx";
				SWIFT_EMIT_LOC_STRINGS = NO;
				SWIFT_VERSION = 5.0;
				TARGETED_DEVICE_FAMILY = "1,2";
				TEST_HOST = "$(BUILT_PRODUCTS_DIR)/app.app/$(BUNDLE_EXECUTABLE_FOLDER_PATH)/app";
			};
			name = Release;
		};
		73CA5BAD2B8404B90049570A /* Debug */ = {
			isa = XCBuildConfiguration;
			buildSettings = {
				ALWAYS_EMBED_SWIFT_STANDARD_LIBRARIES = YES;
				CODE_SIGN_STYLE = Automatic;
				CURRENT_PROJECT_VERSION = 1;
				DEAD_CODE_STRIPPING = YES;
				DEVELOPMENT_TEAM = 29U9229947;
				GENERATE_INFOPLIST_FILE = YES;
				IPHONEOS_DEPLOYMENT_TARGET = 17.2;
				MACOSX_DEPLOYMENT_TARGET = 14.2;
				MARKETING_VERSION = 1.0;
				PRODUCT_BUNDLE_IDENTIFIER = com.htf.appUITests;
				PRODUCT_NAME = "$(TARGET_NAME)";
				SDKROOT = auto;
				SUPPORTED_PLATFORMS = "iphoneos iphonesimulator macosx";
				SWIFT_EMIT_LOC_STRINGS = NO;
				SWIFT_VERSION = 5.0;
				TARGETED_DEVICE_FAMILY = "1,2";
				TEST_TARGET_NAME = app;
			};
			name = Debug;
		};
		73CA5BAE2B8404B90049570A /* Release */ = {
			isa = XCBuildConfiguration;
			buildSettings = {
				ALWAYS_EMBED_SWIFT_STANDARD_LIBRARIES = YES;
				CODE_SIGN_STYLE = Automatic;
				CURRENT_PROJECT_VERSION = 1;
				DEAD_CODE_STRIPPING = YES;
				DEVELOPMENT_TEAM = 29U9229947;
				GENERATE_INFOPLIST_FILE = YES;
				IPHONEOS_DEPLOYMENT_TARGET = 17.2;
				MACOSX_DEPLOYMENT_TARGET = 14.2;
				MARKETING_VERSION = 1.0;
				PRODUCT_BUNDLE_IDENTIFIER = com.htf.appUITests;
				PRODUCT_NAME = "$(TARGET_NAME)";
				SDKROOT = auto;
				SUPPORTED_PLATFORMS = "iphoneos iphonesimulator macosx";
				SWIFT_EMIT_LOC_STRINGS = NO;
				SWIFT_VERSION = 5.0;
				TARGETED_DEVICE_FAMILY = "1,2";
				TEST_TARGET_NAME = app;
			};
			name = Release;
		};
/* End XCBuildConfiguration section */

/* Begin XCConfigurationList section */
		73CA5B7C2B8404B70049570A /* Build configuration list for PBXProject "app" */ = {
			isa = XCConfigurationList;
			buildConfigurations = (
				73CA5BA42B8404B90049570A /* Debug */,
				73CA5BA52B8404B90049570A /* Release */,
			);
			defaultConfigurationIsVisible = 0;
			defaultConfigurationName = Release;
		};
		73CA5BA62B8404B90049570A /* Build configuration list for PBXNativeTarget "app" */ = {
			isa = XCConfigurationList;
			buildConfigurations = (
				73CA5BA72B8404B90049570A /* Debug */,
				73CA5BA82B8404B90049570A /* Release */,
			);
			defaultConfigurationIsVisible = 0;
			defaultConfigurationName = Release;
		};
		73CA5BA92B8404B90049570A /* Build configuration list for PBXNativeTarget "appTests" */ = {
			isa = XCConfigurationList;
			buildConfigurations = (
				73CA5BAA2B8404B90049570A /* Debug */,
				73CA5BAB2B8404B90049570A /* Release */,
			);
			defaultConfigurationIsVisible = 0;
			defaultConfigurationName = Release;
		};
		73CA5BAC2B8404B90049570A /* Build configuration list for PBXNativeTarget "appUITests" */ = {
			isa = XCConfigurationList;
			buildConfigurations = (
				73CA5BAD2B8404B90049570A /* Debug */,
				73CA5BAE2B8404B90049570A /* Release */,
			);
			defaultConfigurationIsVisible = 0;
			defaultConfigurationName = Release;
		};
/* End XCConfigurationList section */
	};
	rootObject = 73CA5B792B8404B70049570A /* Project object */;
}
